2
git https://github.com/Hejsil/zig-clap commit-c394594d218c3c936547e590b461e69e6e0b20c4
git https://github.com/MasterQ32/zig-network commit-8999b17061ded0064acd2a81d8b08296f6476fba
git https://github.com/nektro/zig-extras commit-05f0e90a185cb04a09b96f686dffc6375c420e9b
git https://github.com/nektro/zig-time commit-12fad367a5282827aad7e12f0e9cd36f672c4010
